{
  "name": "tstask",
  "version": "1.0.0",
  "lockfileVersion": 2,
  "requires": true,
  "packages": {
    "": {
      "name": "tstask",
      "version": "1.0.0",
      "license": "ISC",
      "dependencies": {
        "wretch": "^2.1.5"
      }
    },
    "node_modules/wretch": {
      "version": "2.1.5",
      "resolved": "https://registry.npmjs.org/wretch/-/wretch-2.1.5.tgz",
      "integrity": "sha512-AezGEp2gXbsFa2OzyIVzS6Ql/s1E0C7iv9UpHeM7tUA5B/dYptdqV/wRrEs3Mu1unMFkrBMJ0IkrNV8ury9mIg==",
      "engines": {
        "node": ">=14"
      }
    }
  },
  "dependencies": {
    "wretch": {
      "version": "2.1.5",
      "resolved": "https://registry.npmjs.org/wretch/-/wretch-2.1.5.tgz",
      "integrity": "sha512-AezGEp2gXbsFa2OzyIVzS6Ql/s1E0C7iv9UpHeM7tUA5B/dYptdqV/wRrEs3Mu1unMFkrBMJ0IkrNV8ury9mIg=="
    }
  }
}
